
Microsoft Visual Studio Solution File, Format Version 12.00
# Visual Studio Version 17
VisualStudioVersion = 17.5.33502.453
MinimumVisualStudioVersion = 10.0.40219.1
Project("{FAE04EC0-301F-11D3-BF4B-00C04F79EFBC}") = "prjAjaxHomework", "prjAjaxHomework.csproj", "{98BF5525-35F1-4F79-94DF-EF5E46080A46}"
EndProject
Global
	GlobalSection(SolutionConfigurationPlatforms) = preSolution
		Debug|Any CPU = Debug|Any CPU
		Release|Any CPU = Release|Any CPU
	EndGlobalSection
	GlobalSection(ProjectConfigurationPlatforms) = postSolution
		{98BF5525-35F1-4F79-94DF-EF5E46080A46}.Debug|Any CPU.ActiveCfg = Debug|Any CPU
		{98BF5525-35F1-4F79-94DF-EF5E46080A46}.Debug|Any CPU.Build.0 = Debug|Any CPU
		{98BF5525-35F1-4F79-94DF-EF5E46080A46}.Release|Any CPU.ActiveCfg = Release|Any CPU
		{98BF5525-35F1-4F79-94DF-EF5E46080A46}.Release|Any CPU.Build.0 = Release|Any CPU
	EndGlobalSection
	GlobalSection(SolutionProperties) = preSolution
		HideSolutionNode = FALSE
	EndGlobalSection
	GlobalSection(ExtensibilityGlobals) = postSolution
		SolutionGuid = {6E77FFCA-971E-4BB4-B819-FF9C55E6AAAD}
	EndGlobalSection
EndGlobal
